
Microsoft Visual Studio Solution File, Format Version 12.00
# Visual Studio 14
VisualStudioVersion = 14.0.25420.1
MinimumVisualStudioVersion = 10.0.40219.1
Project("{FAE04EC0-301F-11D3-BF4B-00C04F79EFBC}") = "ProgramFlow", "ProgramFlow.csproj", "{B48C679A-2922-48DF-A21A-AC5E1C92B91C}"
EndProject
Project("{FAE04EC0-301F-11D3-BF4B-00C04F79EFBC}") = "ProgramFlowTests", "..\ProgramFlowTests\ProgramFlowTests.csproj", "{E89A6D0D-C84B-4B8D-A8F4-1B9ADE9BE994}"
EndProject
Global
	GlobalSection(SolutionConfigurationPlatforms) = preSolution
		Debug|Any CPU = Debug|Any CPU
		Release|Any CPU = Release|Any CPU
	EndGlobalSection
	GlobalSection(ProjectConfigurationPlatforms) = postSolution
		{B48C679A-2922-48DF-A21A-AC5E1C92B91C}.Debug|Any CPU.ActiveCfg = Debug|Any CPU
		{B48C679A-2922-48DF-A21A-AC5E1C92B91C}.Debug|Any CPU.Build.0 = Debug|Any CPU
		{B48C679A-2922-48DF-A21A-AC5E1C92B91C}.Release|Any CPU.ActiveCfg = Release|Any CPU
		{B48C679A-2922-48DF-A21A-AC5E1C92B91C}.Release|Any CPU.Build.0 = Release|Any CPU
		{E89A6D0D-C84B-4B8D-A8F4-1B9ADE9BE994}.Debug|Any CPU.ActiveCfg = Debug|Any CPU
		{E89A6D0D-C84B-4B8D-A8F4-1B9ADE9BE994}.Debug|Any CPU.Build.0 = Debug|Any CPU
		{E89A6D0D-C84B-4B8D-A8F4-1B9ADE9BE994}.Release|Any CPU.ActiveCfg = Release|Any CPU
		{E89A6D0D-C84B-4B8D-A8F4-1B9ADE9BE994}.Release|Any CPU.Build.0 = Release|Any CPU
	EndGlobalSection
	GlobalSection(SolutionProperties) = preSolution
		HideSolutionNode = FALSE
	EndGlobalSection
EndGlobal
